{
  "name": "udemy",
  "version": "1.0.0",
  "lockfileVersion": 3,
  "requires": true,
  "packages": {
    "": {
      "name": "udemy",
      "version": "1.0.0",
      "license": "ISC",
      "dependencies": {
        "@dqbd/tiktoken": "^1.0.22",
        "tiktoken": "^1.0.22"
      }
    },
    "node_modules/@dqbd/tiktoken": {
      "version": "1.0.22",
      "resolved": "https://registry.npmjs.org/@dqbd/tiktoken/-/tiktoken-1.0.22.tgz",
      "integrity": "sha512-RYhO8xeHkMNX5Ixqf4M1Ve3siCYJY/dI0yLnlX4M4oIEDOvjMIQ+E+3OUpAaZcWTaMtQJzGcDAghYfllpx3i/w==",
      "license": "MIT"
    },
    "node_modules/tiktoken": {
      "version": "1.0.22",
      "resolved": "https://registry.npmjs.org/tiktoken/-/tiktoken-1.0.22.tgz",
      "integrity": "sha512-PKvy1rVF1RibfF3JlXBSP0Jrcw2uq3yXdgcEXtKTYn3QJ/cBRBHDnrJ5jHky+MENZ6DIPwNUGWpkVx+7joCpNA==",
      "license": "MIT"
    }
  }
}
